
Microsoft Visual Studio Solution File, Format Version 12.00
# Visual Studio 15
VisualStudioVersion = 15.0.26430.6
MinimumVisualStudioVersion = 10.0.40219.1
Project("{FAE04EC0-301F-11D3-BF4B-00C04F79EFBC}") = "velibPlanner", "velibPlanner\velibPlanner.csproj", "{32D3504E-6895-420C-BED2-2D373D197E43}"
EndProject
Project("{FAE04EC0-301F-11D3-BF4B-00C04F79EFBC}") = "Client", "Client\Client.csproj", "{CE972B10-88AA-40E3-8BDC-7198629845BF}"
	ProjectSection(ProjectDependencies) = postProject
		{32D3504E-6895-420C-BED2-2D373D197E43} = {32D3504E-6895-420C-BED2-2D373D197E43}
	EndProjectSection
EndProject
Global
	GlobalSection(SolutionConfigurationPlatforms) = preSolution
		Debug|Any CPU = Debug|Any CPU
		Release|Any CPU = Release|Any CPU
	EndGlobalSection
	GlobalSection(ProjectConfigurationPlatforms) = postSolution
		{32D3504E-6895-420C-BED2-2D373D197E43}.Debug|Any CPU.ActiveCfg = Debug|Any CPU
		{32D3504E-6895-420C-BED2-2D373D197E43}.Debug|Any CPU.Build.0 = Debug|Any CPU
		{32D3504E-6895-420C-BED2-2D373D197E43}.Release|Any CPU.ActiveCfg = Release|Any CPU
		{32D3504E-6895-420C-BED2-2D373D197E43}.Release|Any CPU.Build.0 = Release|Any CPU
		{CE972B10-88AA-40E3-8BDC-7198629845BF}.Debug|Any CPU.ActiveCfg = Debug|Any CPU
		{CE972B10-88AA-40E3-8BDC-7198629845BF}.Debug|Any CPU.Build.0 = Debug|Any CPU
		{CE972B10-88AA-40E3-8BDC-7198629845BF}.Release|Any CPU.ActiveCfg = Release|Any CPU
		{CE972B10-88AA-40E3-8BDC-7198629845BF}.Release|Any CPU.Build.0 = Release|Any CPU
	EndGlobalSection
	GlobalSection(SolutionProperties) = preSolution
		HideSolutionNode = FALSE
	EndGlobalSection
EndGlobal
